
Microsoft Visual Studio Solution File, Format Version 12.00
# Visual Studio Version 17
VisualStudioVersion = 17.4.33110.190
MinimumVisualStudioVersion = 10.0.40219.1
Project("{FAE04EC0-301F-11D3-BF4B-00C04F79EFBC}") = "ArraySample", "ArraySample\ArraySample.csproj", "{241EC553-7E10-4975-91EC-D825B86687C2}"
EndProject
Global
	GlobalSection(SolutionConfigurationPlatforms) = preSolution
		Debug|Any CPU = Debug|Any CPU
		Release|Any CPU = Release|Any CPU
	EndGlobalSection
	GlobalSection(ProjectConfigurationPlatforms) = postSolution
		{241EC553-7E10-4975-91EC-D825B86687C2}.Debug|Any CPU.ActiveCfg = Debug|Any CPU
		{241EC553-7E10-4975-91EC-D825B86687C2}.Debug|Any CPU.Build.0 = Debug|Any CPU
		{241EC553-7E10-4975-91EC-D825B86687C2}.Release|Any CPU.ActiveCfg = Release|Any CPU
		{241EC553-7E10-4975-91EC-D825B86687C2}.Release|Any CPU.Build.0 = Release|Any CPU
	EndGlobalSection
	GlobalSection(SolutionProperties) = preSolution
		HideSolutionNode = FALSE
	EndGlobalSection
	GlobalSection(ExtensibilityGlobals) = postSolution
		SolutionGuid = {3C291776-FF7F-48AD-981F-7E01138EA30D}
	EndGlobalSection
EndGlobal
